github.com/google/go-cmp v0.5.9 h1:O2Tfq5qg4qc4AmwVlvv0oLiVAGB7enBSJ2x2DqQFi38=
github.com/google/go-cmp v0.5.9/go.mod h1:17dUlkBOakJ0+DkrSSNjCkIjxS6bF9zb3elmeNGIjoY=
github.com/omniboost/schema v1.1.1-0.20211111150515-2e872025e306 h1:9GMWNGwzd6895ErDvWeIipKuaEQ+0l3thaLm89u+El8=
github.com/omniboost/schema v1.1.1-0.20211111150515-2e872025e306/go.mod h1:p/BKiaWM4vXHpCIdM2HAnmxb+3q95jb2KwvX9bK1OoY=
github.com/pkg/errors v0.9.1 h1:FEBLx1zS214owpjy7qsBeixbURkuhQAwrK5UwLGTwt4=
github.com/pkg/errors v0.9.1/go.mod h1:bwawxfHBFNV+L2hUp1rHADufV3IMtnDRdf1r5NINEl0=
golang.org/x/oauth2 v0.27.0 h1:da9Vo7/tDv5RH/7nZDz1eMGS/q1Vv1N/7FCrBhI9I3M=
golang.org/x/oauth2 v0.27.0/go.mod h1:onh5ek6nERTohokkhCD/y2cV4Do3fxFHFuAejCkRWT8=
gopkg.in/guregu/null.v3 v3.5.0 h1:xTcasT8ETfMcUHn0zTvIYtQud/9Mx5dJqD554SZct0o=
gopkg.in/guregu/null.v3 v3.5.0/go.mod h1:E4tX2Qe3h7QdL+uZ3a0vqvYwKQsRSQKM5V4YltdgH9Y=
